
Microsoft Visual Studio Solution File, Format Version 12.00
# Visual Studio Version 17
VisualStudioVersion = 17.11.35219.272
MinimumVisualStudioVersion = 10.0.40219.1
Project("{9A19103F-16F7-4668-BE54-9A1E7A4F7556}") = "MovieShopMVC", "MovieShopMVC.csproj", "{D86A2CAC-07D7-429C-BF51-12D4A4F0BE09}"
EndProject
Project("{9A19103F-16F7-4668-BE54-9A1E7A4F7556}") = "ApplicationCore", "..\ApplicationCore\ApplicationCore.csproj", "{8F22CFED-BCCA-4DCC-8850-11CAF427C953}"
EndProject
Project("{9A19103F-16F7-4668-BE54-9A1E7A4F7556}") = "Infrastructure", "..\Infrastructure\Infrastructure.csproj", "{826CF7F5-8131-410F-A23F-6B2DCB729BEF}"
EndProject
Project("{FAE04EC0-301F-11D3-BF4B-00C04F79EFBC}") = "MovieShopAPI", "..\MovieShopAPI\MovieShopAPI.csproj", "{88D1816E-C6A9-4EE8-A6C2-6B6E17802203}"
EndProject
Global
	GlobalSection(SolutionConfigurationPlatforms) = preSolution
		Debug|Any CPU = Debug|Any CPU
		Release|Any CPU = Release|Any CPU
	EndGlobalSection
	GlobalSection(ProjectConfigurationPlatforms) = postSolution
		{D86A2CAC-07D7-429C-BF51-12D4A4F0BE09}.Debug|Any CPU.ActiveCfg = Debug|Any CPU
		{D86A2CAC-07D7-429C-BF51-12D4A4F0BE09}.Debug|Any CPU.Build.0 = Debug|Any CPU
		{D86A2CAC-07D7-429C-BF51-12D4A4F0BE09}.Release|Any CPU.ActiveCfg = Release|Any CPU
		{D86A2CAC-07D7-429C-BF51-12D4A4F0BE09}.Release|Any CPU.Build.0 = Release|Any CPU
		{8F22CFED-BCCA-4DCC-8850-11CAF427C953}.Debug|Any CPU.ActiveCfg = Debug|Any CPU
		{8F22CFED-BCCA-4DCC-8850-11CAF427C953}.Debug|Any CPU.Build.0 = Debug|Any CPU
		{8F22CFED-BCCA-4DCC-8850-11CAF427C953}.Release|Any CPU.ActiveCfg = Release|Any CPU
		{8F22CFED-BCCA-4DCC-8850-11CAF427C953}.Release|Any CPU.Build.0 = Release|Any CPU
		{826CF7F5-8131-410F-A23F-6B2DCB729BEF}.Debug|Any CPU.ActiveCfg = Debug|Any CPU
		{826CF7F5-8131-410F-A23F-6B2DCB729BEF}.Debug|Any CPU.Build.0 = Debug|Any CPU
		{826CF7F5-8131-410F-A23F-6B2DCB729BEF}.Release|Any CPU.ActiveCfg = Release|Any CPU
		{826CF7F5-8131-410F-A23F-6B2DCB729BEF}.Release|Any CPU.Build.0 = Release|Any CPU
		{88D1816E-C6A9-4EE8-A6C2-6B6E17802203}.Debug|Any CPU.ActiveCfg = Debug|Any CPU
		{88D1816E-C6A9-4EE8-A6C2-6B6E17802203}.Debug|Any CPU.Build.0 = Debug|Any CPU
		{88D1816E-C6A9-4EE8-A6C2-6B6E17802203}.Release|Any CPU.ActiveCfg = Release|Any CPU
		{88D1816E-C6A9-4EE8-A6C2-6B6E17802203}.Release|Any CPU.Build.0 = Release|Any CPU
	EndGlobalSection
	GlobalSection(SolutionProperties) = preSolution
		HideSolutionNode = FALSE
	EndGlobalSection
	GlobalSection(ExtensibilityGlobals) = postSolution
		SolutionGuid = {EEFF4BB7-F745-4871-AD5E-6CBBB0B210EE}
	EndGlobalSection
EndGlobal
